
Microsoft Visual Studio Solution File, Format Version 12.00
# Visual Studio 15
VisualStudioVersion = 15.0.27703.2018
MinimumVisualStudioVersion = 10.0.40219.1
Project("{FAE04EC0-301F-11D3-BF4B-00C04F79EFBC}") = "smPhoneToolKit", "smPhoneToolKit\smPhoneToolKit.csproj", "{69E65D67-51CB-4717-B230-E70B5AE1DB68}"
EndProject
Global
	GlobalSection(SolutionConfigurationPlatforms) = preSolution
		Debug|Any CPU = Debug|Any CPU
		Release|Any CPU = Release|Any CPU
	EndGlobalSection
	GlobalSection(ProjectConfigurationPlatforms) = postSolution
		{69E65D67-51CB-4717-B230-E70B5AE1DB68}.Debug|Any CPU.ActiveCfg = Debug|Any CPU
		{69E65D67-51CB-4717-B230-E70B5AE1DB68}.Debug|Any CPU.Build.0 = Debug|Any CPU
		{69E65D67-51CB-4717-B230-E70B5AE1DB68}.Release|Any CPU.ActiveCfg = Release|Any CPU
		{69E65D67-51CB-4717-B230-E70B5AE1DB68}.Release|Any CPU.Build.0 = Release|Any CPU
	EndGlobalSection
	GlobalSection(SolutionProperties) = preSolution
		HideSolutionNode = FALSE
	EndGlobalSection
	GlobalSection(ExtensibilityGlobals) = postSolution
		SolutionGuid = {C3DE9454-08DE-4333-A34D-C8A0B0676591}
	EndGlobalSection
EndGlobal
